// !$*UTF8*$!
{
	archiveVersion = 1;
	classes = {
	};
	objectVersion = 46;
	objects = {

/* Begin PBXBuildFile section */
		DD64634419FE781000EFEFF4 /* AppDelegate.m in Sources */ = {isa = PBXBuildFile; fileRef = DD64634319FE781000EFEFF4 /* AppDelegate.m */; };
		DD64634619FE781000EFEFF4 /* main.m in Sources */ = {isa = PBXBuildFile; fileRef = DD64634519FE781000EFEFF4 /* main.m */; };
		DD64634919FE781000EFEFF4 /* Document.m in Sources */ = {isa = PBXBuildFile; fileRef = DD64634819FE781000EFEFF4 /* Document.m */; };
		DD64634C19FE781000EFEFF4 /* Document.xib in Resources */ = {isa = PBXBuildFile; fileRef = DD64634A19FE781000EFEFF4 /* Document.xib */; };
		DD64634E19FE781000EFEFF4 /* Images.xcassets in Resources */ = {isa = PBXBuildFile; fileRef = DD64634D19FE781000EFEFF4 /* Images.xcassets */; };
		DD64635119FE781000EFEFF4 /* MainMenu.xib in Resources */ = {isa = PBXBuildFile; fileRef = DD64634F19FE781000EFEFF4 /* MainMenu.xib */; };
		DD64637119FE7B0A00EFEFF4 /* TTColorView.m in Sources */ = {isa = PBXBuildFile; fileRef = DD64636E19FE7B0A00EFEFF4 /* TTColorView.m */; };
		DD64637219FE7B0A00EFEFF4 /* TTWindow.m in Sources */ = {isa = PBXBuildFile; fileRef = DD64637019FE7B0A00EFEFF4 /* TTWindow.m */; };
/* End PBXBuildFile section */

/* Begin PBXFileReference section */
		DD64633D19FE781000EFEFF4 /* Tinted Titlebar.app */ = {isa = PBXFileReference; explicitFileType = wrapper.application; includeInIndex = 0; path = "Tinted Titlebar.app"; sourceTree = BUILT_PRODUCTS_DIR; };
		DD64634119FE781000EFEFF4 /* Info.plist */ = {isa = PBXFileReference; lastKnownFileType = text.plist.xml; path = Info.plist; sourceTree = "<group>"; };
		DD64634219FE781000EFEFF4 /* AppDelegate.h */ = {isa = PBXFileReference; lastKnownFileType = sourcecode.c.h; path = AppDelegate.h; sourceTree = "<group>"; };
		DD64634319FE781000EFEFF4 /* AppDelegate.m */ = {isa = PBXFileReference; lastKnownFileType = sourcecode.c.objc; path = AppDelegate.m; sourceTree = "<group>"; };
		DD64634519FE781000EFEFF4 /* main.m */ = {isa = PBXFileReference; lastKnownFileType = sourcecode.c.objc; path = main.m; sourceTree = "<group>"; };
		DD64634719FE781000EFEFF4 /* Document.h */ = {isa = PBXFileReference; lastKnownFileType = sourcecode.c.h; path = Document.h; sourceTree = "<group>"; };
		DD64634819FE781000EFEFF4 /* Document.m */ = {isa = PBXFileReference; lastKnownFileType = sourcecode.c.objc; path = Document.m; sourceTree = "<group>"; };
		DD64634B19FE781000EFEFF4 /* Base */ = {isa = PBXFileReference; lastKnownFileType = file.xib; name = Base; path = Base.lproj/Document.xib; sourceTree = "<group>"; };
		DD64634D19FE781000EFEFF4 /* Images.xcassets */ = {isa = PBXFileReference; lastKnownFileType = folder.assetcatalog; path = Images.xcassets; sourceTree = "<group>"; };
		DD64635019FE781000EFEFF4 /* Base */ = {isa = PBXFileReference; lastKnownFileType = file.xib; name = Base; path = Base.lproj/MainMenu.xib; sourceTree = "<group>"; };
		DD64636D19FE7B0A00EFEFF4 /* TTColorView.h */ = {isa = PBXFileReference; fileEncoding = 4; lastKnownFileType = sourcecode.c.h; name = TTColorView.h; path = TTWindow/TTColorView.h; sourceTree = SOURCE_ROOT; };
		DD64636E19FE7B0A00EFEFF4 /* TTColorView.m */ = {isa = PBXFileReference; fileEncoding = 4; lastKnownFileType = sourcecode.c.objc; name = TTColorView.m; path = TTWindow/TTColorView.m; sourceTree = SOURCE_ROOT; };
		DD64636F19FE7B0A00EFEFF4 /* TTWindow.h */ = {isa = PBXFileReference; fileEncoding = 4; lastKnownFileType = sourcecode.c.h; name = TTWindow.h; path = TTWindow/TTWindow.h; sourceTree = SOURCE_ROOT; };
		DD64637019FE7B0A00EFEFF4 /* TTWindow.m */ = {isa = PBXFileReference; fileEncoding = 4; lastKnownFileType = sourcecode.c.objc; name = TTWindow.m; path = TTWindow/TTWindow.m; sourceTree = SOURCE_ROOT; };
/* End PBXFileReference section */

/* Begin PBXFrameworksBuildPhase section */
		DD64633A19FE781000EFEFF4 /* Frameworks */ = {
			isa = PBXFrameworksBuildPhase;
			buildActionMask = 2147483647;
			files = (
			);
			runOnlyForDeploymentPostprocessing = 0;
		};
/* End PBXFrameworksBuildPhase section */

/* Begin PBXGroup section */
		DD64633419FE781000EFEFF4 = {
			isa = PBXGroup;
			children = (
				DD64633F19FE781000EFEFF4 /* Tinted Titlebar */,
				DD64633E19FE781000EFEFF4 /* Products */,
			);
			sourceTree = "<group>";
		};
		DD64633E19FE781000EFEFF4 /* Products */ = {
			isa = PBXGroup;
			children = (
				DD64633D19FE781000EFEFF4 /* Tinted Titlebar.app */,
			);
			name = Products;
			sourceTree = "<group>";
		};
		DD64633F19FE781000EFEFF4 /* Tinted Titlebar */ = {
			isa = PBXGroup;
			children = (
				DD64636619FE781600EFEFF4 /* TTWindow */,
				DD64634219FE781000EFEFF4 /* AppDelegate.h */,
				DD64634319FE781000EFEFF4 /* AppDelegate.m */,
				DD64634719FE781000EFEFF4 /* Document.h */,
				DD64634819FE781000EFEFF4 /* Document.m */,
				DD64634A19FE781000EFEFF4 /* Document.xib */,
				DD64634D19FE781000EFEFF4 /* Images.xcassets */,
				DD64634F19FE781000EFEFF4 /* MainMenu.xib */,
				DD64634019FE781000EFEFF4 /* Supporting Files */,
			);
			path = "Tinted Titlebar";
			sourceTree = "<group>";
		};
		DD64634019FE781000EFEFF4 /* Supporting Files */ = {
			isa = PBXGroup;
			children = (
				DD64634119FE781000EFEFF4 /* Info.plist */,
				DD64634519FE781000EFEFF4 /* main.m */,
			);
			name = "Supporting Files";
			sourceTree = "<group>";
		};
		DD64636619FE781600EFEFF4 /* TTWindow */ = {
			isa = PBXGroup;
			children = (
				DD64636D19FE7B0A00EFEFF4 /* TTColorView.h */,
				DD64636E19FE7B0A00EFEFF4 /* TTColorView.m */,
				DD64636F19FE7B0A00EFEFF4 /* TTWindow.h */,
				DD64637019FE7B0A00EFEFF4 /* TTWindow.m */,
			);
			name = TTWindow;
			sourceTree = "<group>";
		};
/* End PBXGroup section */

/* Begin PBXNativeTarget section */
		DD64633C19FE781000EFEFF4 /* Tinted Titlebar */ = {
			isa = PBXNativeTarget;
			buildConfigurationList = DD64636019FE781000EFEFF4 /* Build configuration list for PBXNativeTarget "Tinted Titlebar" */;
			buildPhases = (
				DD64633919FE781000EFEFF4 /* Sources */,
				DD64633A19FE781000EFEFF4 /* Frameworks */,
				DD64633B19FE781000EFEFF4 /* Resources */,
			);
			buildRules = (
			);
			dependencies = (
			);
			name = "Tinted Titlebar";
			productName = "Tinted Titlebar";
			productReference = DD64633D19FE781000EFEFF4 /* Tinted Titlebar.app */;
			productType = "com.apple.product-type.application";
		};
/* End PBXNativeTarget section */

/* Begin PBXProject section */
		DD64633519FE781000EFEFF4 /* Project object */ = {
			isa = PBXProject;
			attributes = {
				LastUpgradeCheck = 0610;
				ORGANIZATIONNAME = "Guilherme Rambo";
				TargetAttributes = {
					DD64633C19FE781000EFEFF4 = {
						CreatedOnToolsVersion = 6.1;
					};
				};
			};
			buildConfigurationList = DD64633819FE781000EFEFF4 /* Build configuration list for PBXProject "Tinted Titlebar" */;
			compatibilityVersion = "Xcode 3.2";
			developmentRegion = English;
			hasScannedForEncodings = 0;
			knownRegions = (
				en,
				Base,
			);
			mainGroup = DD64633419FE781000EFEFF4;
			productRefGroup = DD64633E19FE781000EFEFF4 /* Products */;
			projectDirPath = "";
			projectRoot = "";
			targets = (
				DD64633C19FE781000EFEFF4 /* Tinted Titlebar */,
			);
		};
/* End PBXProject section */

/* Begin PBXResourcesBuildPhase section */
		DD64633B19FE781000EFEFF4 /* Resources */ = {
			isa = PBXResourcesBuildPhase;
			buildActionMask = 2147483647;
			files = (
				DD64634C19FE781000EFEFF4 /* Document.xib in Resources */,
				DD64634E19FE781000EFEFF4 /* Images.xcassets in Resources */,
				DD64635119FE781000EFEFF4 /* MainMenu.xib in Resources */,
			);
			runOnlyForDeploymentPostprocessing = 0;
		};
/* End PBXResourcesBuildPhase section */

/* Begin PBXSourcesBuildPhase section */
		DD64633919FE781000EFEFF4 /* Sources */ = {
			isa = PBXSourcesBuildPhase;
			buildActionMask = 2147483647;
			files = (
				DD64634919FE781000EFEFF4 /* Document.m in Sources */,
				DD64634619FE781000EFEFF4 /* main.m in Sources */,
				DD64637219FE7B0A00EFEFF4 /* TTWindow.m in Sources */,
				DD64637119FE7B0A00EFEFF4 /* TTColorView.m in Sources */,
				DD64634419FE781000EFEFF4 /* AppDelegate.m in Sources */,
			);
			runOnlyForDeploymentPostprocessing = 0;
		};
/* End PBXSourcesBuildPhase section */

/* Begin PBXVariantGroup section */
		DD64634A19FE781000EFEFF4 /* Document.xib */ = {
			isa = PBXVariantGroup;
			children = (
				DD64634B19FE781000EFEFF4 /* Base */,
			);
			name = Document.xib;
			sourceTree = "<group>";
		};
		DD64634F19FE781000EFEFF4 /* MainMenu.xib */ = {
			isa = PBXVariantGroup;
			children = (
				DD64635019FE781000EFEFF4 /* Base */,
			);
			name = MainMenu.xib;
			sourceTree = "<group>";
		};
/* End PBXVariantGroup section */

/* Begin XCBuildConfiguration section */
		DD64635E19FE781000EFEFF4 /* Debug */ = {
			isa = XCBuildConfiguration;
			buildSettings = {
				ALWAYS_SEARCH_USER_PATHS = NO;
				CLANG_CXX_LANGUAGE_STANDARD = "gnu++0x";
				CLANG_CXX_LIBRARY = "libc++";
				CLANG_ENABLE_MODULES = YES;
				CLANG_ENABLE_OBJC_ARC = YES;
				CLANG_WARN_BOOL_CONVERSION = YES;
				CLANG_WARN_CONSTANT_CONVERSION = YES;
				CLANG_WARN_DIRECT_OBJC_ISA_USAGE = YES_ERROR;
				CLANG_WARN_EMPTY_BODY = YES;
				CLANG_WARN_ENUM_CONVERSION = YES;
				CLANG_WARN_INT_CONVERSION = YES;
				CLANG_WARN_OBJC_ROOT_CLASS = YES_ERROR;
				CLANG_WARN_UNREACHABLE_CODE = YES;
				CLANG_WARN__DUPLICATE_METHOD_MATCH = YES;
				CODE_SIGN_IDENTITY = "-";
				COPY_PHASE_STRIP = NO;
				ENABLE_STRICT_OBJC_MSGSEND = YES;
				GCC_C_LANGUAGE_STANDARD = gnu99;
				GCC_DYNAMIC_NO_PIC = NO;
				GCC_OPTIMIZATION_LEVEL = 0;
				GCC_PREPROCESSOR_DEFINITIONS = (
					"DEBUG=1",
					"$(inherited)",
				);
				GCC_SYMBOLS_PRIVATE_EXTERN = NO;
				GCC_WARN_64_TO_32_BIT_CONVERSION = YES;
				GCC_WARN_ABOUT_RETURN_TYPE = YES_ERROR;
				GCC_WARN_UNDECLARED_SELECTOR = YES;
				GCC_WARN_UNINITIALIZED_AUTOS = YES_AGGRESSIVE;
				GCC_WARN_UNUSED_FUNCTION = YES;
				GCC_WARN_UNUSED_VARIABLE = YES;
				MACOSX_DEPLOYMENT_TARGET = 10.10;
				MTL_ENABLE_DEBUG_INFO = YES;
				ONLY_ACTIVE_ARCH = YES;
				SDKROOT = macosx;
			};
			name = Debug;
		};
		DD64635F19FE781000EFEFF4 /* Release */ = {
			isa = XCBuildConfiguration;
			buildSettings = {
				ALWAYS_SEARCH_USER_PATHS = NO;
				CLANG_CXX_LANGUAGE_STANDARD = "gnu++0x";
				CLANG_CXX_LIBRARY = "libc++";
				CLANG_ENABLE_MODULES = YES;
				CLANG_ENABLE_OBJC_ARC = YES;
				CLANG_WARN_BOOL_CONVERSION = YES;
				CLANG_WARN_CONSTANT_CONVERSION = YES;
				CLANG_WARN_DIRECT_OBJC_ISA_USAGE = YES_ERROR;
				CLANG_WARN_EMPTY_BODY = YES;
				CLANG_WARN_ENUM_CONVERSION = YES;
				CLANG_WARN_INT_CONVERSION = YES;
				CLANG_WARN_OBJC_ROOT_CLASS = YES_ERROR;
				CLANG_WARN_UNREACHABLE_CODE = YES;
				CLANG_WARN__DUPLICATE_METHOD_MATCH = YES;
				CODE_SIGN_IDENTITY = "-";
				COPY_PHASE_STRIP = YES;
				DEBUG_INFORMATION_FORMAT = "dwarf-with-dsym";
				ENABLE_NS_ASSERTIONS = NO;
				ENABLE_STRICT_OBJC_MSGSEND = YES;
				GCC_C_LANGUAGE_STANDARD = gnu99;
				GCC_WARN_64_TO_32_BIT_CONVERSION = YES;
				GCC_WARN_ABOUT_RETURN_TYPE = YES_ERROR;
				GCC_WARN_UNDECLARED_SELECTOR = YES;
				GCC_WARN_UNINITIALIZED_AUTOS = YES_AGGRESSIVE;
				GCC_WARN_UNUSED_FUNCTION = YES;
				GCC_WARN_UNUSED_VARIABLE = YES;
				MACOSX_DEPLOYMENT_TARGET = 10.10;
				MTL_ENABLE_DEBUG_INFO = NO;
				SDKROOT = macosx;
			};
			name = Release;
		};
		DD64636119FE781000EFEFF4 /* Debug */ = {
			isa = XCBuildConfiguration;
			buildSettings = {
				ASSETCATALOG_COMPILER_APPICON_NAME = AppIcon;
				COMBINE_HIDPI_IMAGES = YES;
				INFOPLIST_FILE = "Tinted Titlebar/Info.plist";
				LD_RUNPATH_SEARCH_PATHS = "$(inherited) @executable_path/../Frameworks";
				PRODUCT_NAME = "$(TARGET_NAME)";
			};
			name = Debug;
		};
		DD64636219FE781000EFEFF4 /* Release */ = {
			isa = XCBuildConfiguration;
			buildSettings = {
				ASSETCATALOG_COMPILER_APPICON_NAME = AppIcon;
				COMBINE_HIDPI_IMAGES = YES;
				INFOPLIST_FILE = "Tinted Titlebar/Info.plist";
				LD_RUNPATH_SEARCH_PATHS = "$(inherited) @executable_path/../Frameworks";
				PRODUCT_NAME = "$(TARGET_NAME)";
			};
			name = Release;
		};
/* End XCBuildConfiguration section */

/* Begin XCConfigurationList section */
		DD64633819FE781000EFEFF4 /* Build configuration list for PBXProject "Tinted Titlebar" */ = {
			isa = XCConfigurationList;
			buildConfigurations = (
				DD64635E19FE781000EFEFF4 /* Debug */,
				DD64635F19FE781000EFEFF4 /* Release */,
			);
			defaultConfigurationIsVisible = 0;
			defaultConfigurationName = Release;
		};
		DD64636019FE781000EFEFF4 /* Build configuration list for PBXNativeTarget "Tinted Titlebar" */ = {
			isa = XCConfigurationList;
			buildConfigurations = (
				DD64636119FE781000EFEFF4 /* Debug */,
				DD64636219FE781000EFEFF4 /* Release */,
			);
			defaultConfigurationIsVisible = 0;
		};
/* End XCConfigurationList section */
	};
	rootObject = DD64633519FE781000EFEFF4 /* Project object */;
}
